{
  "requires": true,
  "lockfileVersion": 1,
  "dependencies": {
    "circumcenter": {
      "version": "1.0.0",
      "resolved": "https://registry.npmjs.org/circumcenter/-/circumcenter-1.0.0.tgz",
      "integrity": "sha1-INeqE7F/usUvUtpPVMasi5Bu5Sk=",
      "requires": {
        "dup": "1.0.0",
        "robust-linear-solve": "1.0.0"
      }
    },
    "delaunator": {
      "version": "2.0.0",
      "resolved": "https://registry.npmjs.org/delaunator/-/delaunator-2.0.0.tgz",
      "integrity": "sha512-Hd+th5aAITcxJI12hyXRZqb/T54TdytqXEieY06BHQIx0TZ4EGQUfBzSK2ZF1OMCsg03u19YFYPiBYncq1RLcg=="
    },
    "dup": {
      "version": "1.0.0",
      "resolved": "https://registry.npmjs.org/dup/-/dup-1.0.0.tgz",
      "integrity": "sha1-UfxaxoX4GWRp3wuQXpNLIK9bQCk="
    },
    "robust-compress": {
      "version": "1.0.0",
      "resolved": "https://registry.npmjs.org/robust-compress/-/robust-compress-1.0.0.tgz",
      "integrity": "sha1-TPYsSzGNgwhRYBK7jBF1Lzkymxs="
    },
    "robust-determinant": {
      "version": "1.1.0",
      "resolved": "https://registry.npmjs.org/robust-determinant/-/robust-determinant-1.1.0.tgz",
      "integrity": "sha1-jsrnm3nKqz509t6+IjflORon6cc=",
      "requires": {
        "robust-compress": "1.0.0",
        "robust-scale": "1.0.2",
        "robust-sum": "1.0.0",
        "two-product": "1.0.2"
      }
    },
    "robust-linear-solve": {
      "version": "1.0.0",
      "resolved": "https://registry.npmjs.org/robust-linear-solve/-/robust-linear-solve-1.0.0.tgz",
      "integrity": "sha1-DNasUEBpGm8qo81jEdcokFyjofE=",
      "requires": {
        "robust-determinant": "1.1.0"
      }
    },
    "robust-scale": {
      "version": "1.0.2",
      "resolved": "https://registry.npmjs.org/robust-scale/-/robust-scale-1.0.2.tgz",
      "integrity": "sha1-d1Ey7QlULQKOWLLMecBikLz3jDI=",
      "requires": {
        "two-product": "1.0.2",
        "two-sum": "1.0.0"
      }
    },
    "robust-sum": {
      "version": "1.0.0",
      "resolved": "https://registry.npmjs.org/robust-sum/-/robust-sum-1.0.0.tgz",
      "integrity": "sha1-FmRuUlKStNJdgnV6KGlV4Lv6U9k="
    },
    "two-product": {
      "version": "1.0.2",
      "resolved": "https://registry.npmjs.org/two-product/-/two-product-1.0.2.tgz",
      "integrity": "sha1-Z9ldSyV6kh4stL16+VEfkIhSLqo="
    },
    "two-sum": {
      "version": "1.0.0",
      "resolved": "https://registry.npmjs.org/two-sum/-/two-sum-1.0.0.tgz",
      "integrity": "sha1-MdPzIjnk9zHsqd+RVeKyl/AIq2Q="
    }
  }
}
